// !$*UTF8*$!
{
	archiveVersion = 1;
	classes = {
	};
	objectVersion = 50;
	objects = {

/* Begin PBXBuildFile section */
		84282C4A226E24CA009D6842 /* AppDelegate.swift in Sources */ = {isa = PBXBuildFile; fileRef = 84282C49226E24CA009D6842 /* AppDelegate.swift */; };
		84282C4C226E24CA009D6842 /* ViewController.swift in Sources */ = {isa = PBXBuildFile; fileRef = 84282C4B226E24CA009D6842 /* ViewController.swift */; };
		84282C4F226E24CA009D6842 /* Main.storyboard in Resources */ = {isa = PBXBuildFile; fileRef = 84282C4D226E24CA009D6842 /* Main.storyboard */; };
		84282C51226E24D4009D6842 /* Assets.xcassets in Resources */ = {isa = PBXBuildFile; fileRef = 84282C50226E24D4009D6842 /* Assets.xcassets */; };
		84282C54226E24D4009D6842 /* LaunchScreen.storyboard in Resources */ = {isa = PBXBuildFile; fileRef = 84282C52226E24D4009D6842 /* LaunchScreen.storyboard */; };
		84282C5F226E24D4009D6842 /* ToDoAppTests.swift in Sources */ = {isa = PBXBuildFile; fileRef = 84282C5E226E24D4009D6842 /* ToDoAppTests.swift */; };
		84282C6A226E24D4009D6842 /* ToDoAppUITests.swift in Sources */ = {isa = PBXBuildFile; fileRef = 84282C69226E24D4009D6842 /* ToDoAppUITests.swift */; };
		84282C7C226E260E009D6842 /* TaskTests.swift in Sources */ = {isa = PBXBuildFile; fileRef = 84282C7B226E260E009D6842 /* TaskTests.swift */; };
		84282C7F226E26A4009D6842 /* Task.swift in Sources */ = {isa = PBXBuildFile; fileRef = 84282C7E226E26A4009D6842 /* Task.swift */; };
		84282C81226F6975009D6842 /* Location.swift in Sources */ = {isa = PBXBuildFile; fileRef = 84282C80226F6975009D6842 /* Location.swift */; };
		84282C83226F6B42009D6842 /* LocationTests.swift in Sources */ = {isa = PBXBuildFile; fileRef = 84282C82226F6B42009D6842 /* LocationTests.swift */; };
		84282C862270A72C009D6842 /* TaskManagerTests.swift in Sources */ = {isa = PBXBuildFile; fileRef = 84282C852270A72C009D6842 /* TaskManagerTests.swift */; };
		84282C892270A7AF009D6842 /* TaskManager.swift in Sources */ = {isa = PBXBuildFile; fileRef = 84282C882270A7AF009D6842 /* TaskManager.swift */; };
/* End PBXBuildFile section */

/* Begin PBXContainerItemProxy section */
		84282C5B226E24D4009D6842 /* PBXContainerItemProxy */ = {
			isa = PBXContainerItemProxy;
			containerPortal = 84282C3E226E24CA009D6842 /* Project object */;
			proxyType = 1;
			remoteGlobalIDString = 84282C45226E24CA009D6842;
			remoteInfo = ToDoApp;
		};
		84282C66226E24D4009D6842 /* PBXContainerItemProxy */ = {
			isa = PBXContainerItemProxy;
			containerPortal = 84282C3E226E24CA009D6842 /* Project object */;
			proxyType = 1;
			remoteGlobalIDString = 84282C45226E24CA009D6842;
			remoteInfo = ToDoApp;
		};
/* End PBXContainerItemProxy section */

/* Begin PBXFileReference section */
		84282C46226E24CA009D6842 /* ToDoApp.app */ = {isa = PBXFileReference; explicitFileType = wrapper.application; includeInIndex = 0; path = ToDoApp.app; sourceTree = BUILT_PRODUCTS_DIR; };
		84282C49226E24CA009D6842 /* AppDelegate.swift */ = {isa = PBXFileReference; lastKnownFileType = sourcecode.swift; path = AppDelegate.swift; sourceTree = "<group>"; };
		84282C4B226E24CA009D6842 /* ViewController.swift */ = {isa = PBXFileReference; lastKnownFileType = sourcecode.swift; path = ViewController.swift; sourceTree = "<group>"; };
		84282C4E226E24CA009D6842 /* Base */ = {isa = PBXFileReference; lastKnownFileType = file.storyboard; name = Base; path = Base.lproj/Main.storyboard; sourceTree = "<group>"; };
		84282C50226E24D4009D6842 /* Assets.xcassets */ = {isa = PBXFileReference; lastKnownFileType = folder.assetcatalog; path = Assets.xcassets; sourceTree = "<group>"; };
		84282C53226E24D4009D6842 /* Base */ = {isa = PBXFileReference; lastKnownFileType = file.storyboard; name = Base; path = Base.lproj/LaunchScreen.storyboard; sourceTree = "<group>"; };
		84282C55226E24D4009D6842 /* Info.plist */ = {isa = PBXFileReference; lastKnownFileType = text.plist.xml; path = Info.plist; sourceTree = "<group>"; };
		84282C5A226E24D4009D6842 /* ToDoAppTests.xctest */ = {isa = PBXFileReference; explicitFileType = wrapper.cfbundle; includeInIndex = 0; path = ToDoAppTests.xctest; sourceTree = BUILT_PRODUCTS_DIR; };
		84282C5E226E24D4009D6842 /* ToDoAppTests.swift */ = {isa = PBXFileReference; lastKnownFileType = sourcecode.swift; path = ToDoAppTests.swift; sourceTree = "<group>"; };
		84282C60226E24D4009D6842 /* Info.plist */ = {isa = PBXFileReference; lastKnownFileType = text.plist.xml; path = Info.plist; sourceTree = "<group>"; };
		84282C65226E24D4009D6842 /* ToDoAppUITests.xctest */ = {isa = PBXFileReference; explicitFileType = wrapper.cfbundle; includeInIndex = 0; path = ToDoAppUITests.xctest; sourceTree = BUILT_PRODUCTS_DIR; };
		84282C69226E24D4009D6842 /* ToDoAppUITests.swift */ = {isa = PBXFileReference; lastKnownFileType = sourcecode.swift; path = ToDoAppUITests.swift; sourceTree = "<group>"; };
		84282C6B226E24D4009D6842 /* Info.plist */ = {isa = PBXFileReference; lastKnownFileType = text.plist.xml; path = Info.plist; sourceTree = "<group>"; };
		84282C7B226E260E009D6842 /* TaskTests.swift */ = {isa = PBXFileReference; lastKnownFileType = sourcecode.swift; path = TaskTests.swift; sourceTree = "<group>"; };
		84282C7E226E26A4009D6842 /* Task.swift */ = {isa = PBXFileReference; lastKnownFileType = sourcecode.swift; path = Task.swift; sourceTree = "<group>"; };
		84282C80226F6975009D6842 /* Location.swift */ = {isa = PBXFileReference; lastKnownFileType = sourcecode.swift; path = Location.swift; sourceTree = "<group>"; };
		84282C82226F6B42009D6842 /* LocationTests.swift */ = {isa = PBXFileReference; lastKnownFileType = sourcecode.swift; path = LocationTests.swift; sourceTree = "<group>"; };
		84282C852270A72C009D6842 /* TaskManagerTests.swift */ = {isa = PBXFileReference; lastKnownFileType = sourcecode.swift; path = TaskManagerTests.swift; sourceTree = "<group>"; };
		84282C882270A7AF009D6842 /* TaskManager.swift */ = {isa = PBXFileReference; lastKnownFileType = sourcecode.swift; path = TaskManager.swift; sourceTree = "<group>"; };
/* End PBXFileReference section */

/* Begin PBXFrameworksBuildPhase section */
		84282C43226E24CA009D6842 /* Frameworks */ = {
			isa = PBXFrameworksBuildPhase;
			buildActionMask = 2147483647;
			files = (
			);
			runOnlyForDeploymentPostprocessing = 0;
		};
		84282C57226E24D4009D6842 /* Frameworks */ = {
			isa = PBXFrameworksBuildPhase;
			buildActionMask = 2147483647;
			files = (
			);
			runOnlyForDeploymentPostprocessing = 0;
		};
		84282C62226E24D4009D6842 /* Frameworks */ = {
			isa = PBXFrameworksBuildPhase;
			buildActionMask = 2147483647;
			files = (
			);
			runOnlyForDeploymentPostprocessing = 0;
		};
/* End PBXFrameworksBuildPhase section */

/* Begin PBXGroup section */
		84282C3D226E24CA009D6842 = {
			isa = PBXGroup;
			children = (
				84282C48226E24CA009D6842 /* ToDoApp */,
				84282C5D226E24D4009D6842 /* ToDoAppTests */,
				84282C68226E24D4009D6842 /* ToDoAppUITests */,
				84282C47226E24CA009D6842 /* Products */,
			);
			sourceTree = "<group>";
		};
		84282C47226E24CA009D6842 /* Products */ = {
			isa = PBXGroup;
			children = (
				84282C46226E24CA009D6842 /* ToDoApp.app */,
				84282C5A226E24D4009D6842 /* ToDoAppTests.xctest */,
				84282C65226E24D4009D6842 /* ToDoAppUITests.xctest */,
			);
			name = Products;
			sourceTree = "<group>";
		};
		84282C48226E24CA009D6842 /* ToDoApp */ = {
			isa = PBXGroup;
			children = (
				84282C872270A790009D6842 /* Manager */,
				84282C79226E24F4009D6842 /* Controller */,
				84282C78226E24EA009D6842 /* View */,
				84282C77226E24E1009D6842 /* Model */,
				84282C7A226E250C009D6842 /* Supporting Files */,
			);
			path = ToDoApp;
			sourceTree = "<group>";
		};
		84282C5D226E24D4009D6842 /* ToDoAppTests */ = {
			isa = PBXGroup;
			children = (
				84282C842270A6FA009D6842 /* Manager */,
				84282C5E226E24D4009D6842 /* ToDoAppTests.swift */,
				84282C60226E24D4009D6842 /* Info.plist */,
				84282C7D226E2619009D6842 /* Model */,
			);
			path = ToDoAppTests;
			sourceTree = "<group>";
		};
		84282C68226E24D4009D6842 /* ToDoAppUITests */ = {
			isa = PBXGroup;
			children = (
				84282C69226E24D4009D6842 /* ToDoAppUITests.swift */,
				84282C6B226E24D4009D6842 /* Info.plist */,
			);
			path = ToDoAppUITests;
			sourceTree = "<group>";
		};
		84282C77226E24E1009D6842 /* Model */ = {
			isa = PBXGroup;
			children = (
				84282C7E226E26A4009D6842 /* Task.swift */,
				84282C80226F6975009D6842 /* Location.swift */,
			);
			path = Model;
			sourceTree = "<group>";
		};
		84282C78226E24EA009D6842 /* View */ = {
			isa = PBXGroup;
			children = (
			);
			path = View;
			sourceTree = "<group>";
		};
		84282C79226E24F4009D6842 /* Controller */ = {
			isa = PBXGroup;
			children = (
				84282C4B226E24CA009D6842 /* ViewController.swift */,
			);
			path = Controller;
			sourceTree = "<group>";
		};
		84282C7A226E250C009D6842 /* Supporting Files */ = {
			isa = PBXGroup;
			children = (
				84282C49226E24CA009D6842 /* AppDelegate.swift */,
				84282C4D226E24CA009D6842 /* Main.storyboard */,
				84282C50226E24D4009D6842 /* Assets.xcassets */,
				84282C52226E24D4009D6842 /* LaunchScreen.storyboard */,
				84282C55226E24D4009D6842 /* Info.plist */,
			);
			path = "Supporting Files";
			sourceTree = "<group>";
		};
		84282C7D226E2619009D6842 /* Model */ = {
			isa = PBXGroup;
			children = (
				84282C7B226E260E009D6842 /* TaskTests.swift */,
				84282C82226F6B42009D6842 /* LocationTests.swift */,
			);
			path = Model;
			sourceTree = "<group>";
		};
		84282C842270A6FA009D6842 /* Manager */ = {
			isa = PBXGroup;
			children = (
				84282C852270A72C009D6842 /* TaskManagerTests.swift */,
			);
			path = Manager;
			sourceTree = "<group>";
		};
		84282C872270A790009D6842 /* Manager */ = {
			isa = PBXGroup;
			children = (
				84282C882270A7AF009D6842 /* TaskManager.swift */,
			);
			path = Manager;
			sourceTree = "<group>";
		};
/* End PBXGroup section */

/* Begin PBXNativeTarget section */
		84282C45226E24CA009D6842 /* ToDoApp */ = {
			isa = PBXNativeTarget;
			buildConfigurationList = 84282C6E226E24D4009D6842 /* Build configuration list for PBXNativeTarget "ToDoApp" */;
			buildPhases = (
				84282C42226E24CA009D6842 /* Sources */,
				84282C43226E24CA009D6842 /* Frameworks */,
				84282C44226E24CA009D6842 /* Resources */,
			);
			buildRules = (
			);
			dependencies = (
			);
			name = ToDoApp;
			productName = ToDoApp;
			productReference = 84282C46226E24CA009D6842 /* ToDoApp.app */;
			productType = "com.apple.product-type.application";
		};
		84282C59226E24D4009D6842 /* ToDoAppTests */ = {
			isa = PBXNativeTarget;
			buildConfigurationList = 84282C71226E24D4009D6842 /* Build configuration list for PBXNativeTarget "ToDoAppTests" */;
			buildPhases = (
				84282C56226E24D4009D6842 /* Sources */,
				84282C57226E24D4009D6842 /* Frameworks */,
				84282C58226E24D4009D6842 /* Resources */,
			);
			buildRules = (
			);
			dependencies = (
				84282C5C226E24D4009D6842 /* PBXTargetDependency */,
			);
			name = ToDoAppTests;
			productName = ToDoAppTests;
			productReference = 84282C5A226E24D4009D6842 /* ToDoAppTests.xctest */;
			productType = "com.apple.product-type.bundle.unit-test";
		};
		84282C64226E24D4009D6842 /* ToDoAppUITests */ = {
			isa = PBXNativeTarget;
			buildConfigurationList = 84282C74226E24D4009D6842 /* Build configuration list for PBXNativeTarget "ToDoAppUITests" */;
			buildPhases = (
				84282C61226E24D4009D6842 /* Sources */,
				84282C62226E24D4009D6842 /* Frameworks */,
				84282C63226E24D4009D6842 /* Resources */,
			);
			buildRules = (
			);
			dependencies = (
				84282C67226E24D4009D6842 /* PBXTargetDependency */,
			);
			name = ToDoAppUITests;
			productName = ToDoAppUITests;
			productReference = 84282C65226E24D4009D6842 /* ToDoAppUITests.xctest */;
			productType = "com.apple.product-type.bundle.ui-testing";
		};
/* End PBXNativeTarget section */

/* Begin PBXProject section */
		84282C3E226E24CA009D6842 /* Project object */ = {
			isa = PBXProject;
			attributes = {
				LastSwiftUpdateCheck = 1020;
				LastUpgradeCheck = 1020;
				ORGANIZATIONNAME = Admins;
				TargetAttributes = {
					84282C45226E24CA009D6842 = {
						CreatedOnToolsVersion = 10.2;
					};
					84282C59226E24D4009D6842 = {
						CreatedOnToolsVersion = 10.2;
						TestTargetID = 84282C45226E24CA009D6842;
					};
					84282C64226E24D4009D6842 = {
						CreatedOnToolsVersion = 10.2;
						TestTargetID = 84282C45226E24CA009D6842;
					};
				};
			};
			buildConfigurationList = 84282C41226E24CA009D6842 /* Build configuration list for PBXProject "ToDoApp" */;
			compatibilityVersion = "Xcode 9.3";
			developmentRegion = en;
			hasScannedForEncodings = 0;
			knownRegions = (
				en,
				Base,
			);
			mainGroup = 84282C3D226E24CA009D6842;
			productRefGroup = 84282C47226E24CA009D6842 /* Products */;
			projectDirPath = "";
			projectRoot = "";
			targets = (
				84282C45226E24CA009D6842 /* ToDoApp */,
				84282C59226E24D4009D6842 /* ToDoAppTests */,
				84282C64226E24D4009D6842 /* ToDoAppUITests */,
			);
		};
/* End PBXProject section */

/* Begin PBXResourcesBuildPhase section */
		84282C44226E24CA009D6842 /* Resources */ = {
			isa = PBXResourcesBuildPhase;
			buildActionMask = 2147483647;
			files = (
				84282C54226E24D4009D6842 /* LaunchScreen.storyboard in Resources */,
				84282C51226E24D4009D6842 /* Assets.xcassets in Resources */,
				84282C4F226E24CA009D6842 /* Main.storyboard in Resources */,
			);
			runOnlyForDeploymentPostprocessing = 0;
		};
		84282C58226E24D4009D6842 /* Resources */ = {
			isa = PBXResourcesBuildPhase;
			buildActionMask = 2147483647;
			files = (
			);
			runOnlyForDeploymentPostprocessing = 0;
		};
		84282C63226E24D4009D6842 /* Resources */ = {
			isa = PBXResourcesBuildPhase;
			buildActionMask = 2147483647;
			files = (
			);
			runOnlyForDeploymentPostprocessing = 0;
		};
/* End PBXResourcesBuildPhase section */

/* Begin PBXSourcesBuildPhase section */
		84282C42226E24CA009D6842 /* Sources */ = {
			isa = PBXSourcesBuildPhase;
			buildActionMask = 2147483647;
			files = (
				84282C4C226E24CA009D6842 /* ViewController.swift in Sources */,
				84282C7F226E26A4009D6842 /* Task.swift in Sources */,
				84282C892270A7AF009D6842 /* TaskManager.swift in Sources */,
				84282C81226F6975009D6842 /* Location.swift in Sources */,
				84282C4A226E24CA009D6842 /* AppDelegate.swift in Sources */,
			);
			runOnlyForDeploymentPostprocessing = 0;
		};
		84282C56226E24D4009D6842 /* Sources */ = {
			isa = PBXSourcesBuildPhase;
			buildActionMask = 2147483647;
			files = (
				84282C7C226E260E009D6842 /* TaskTests.swift in Sources */,
				84282C83226F6B42009D6842 /* LocationTests.swift in Sources */,
				84282C862270A72C009D6842 /* TaskManagerTests.swift in Sources */,
				84282C5F226E24D4009D6842 /* ToDoAppTests.swift in Sources */,
			);
			runOnlyForDeploymentPostprocessing = 0;
		};
		84282C61226E24D4009D6842 /* Sources */ = {
			isa = PBXSourcesBuildPhase;
			buildActionMask = 2147483647;
			files = (
				84282C6A226E24D4009D6842 /* ToDoAppUITests.swift in Sources */,
			);
			runOnlyForDeploymentPostprocessing = 0;
		};
/* End PBXSourcesBuildPhase section */

/* Begin PBXTargetDependency section */
		84282C5C226E24D4009D6842 /* PBXTargetDependency */ = {
			isa = PBXTargetDependency;
			target = 84282C45226E24CA009D6842 /* ToDoApp */;
			targetProxy = 84282C5B226E24D4009D6842 /* PBXContainerItemProxy */;
		};
		84282C67226E24D4009D6842 /* PBXTargetDependency */ = {
			isa = PBXTargetDependency;
			target = 84282C45226E24CA009D6842 /* ToDoApp */;
			targetProxy = 84282C66226E24D4009D6842 /* PBXContainerItemProxy */;
		};
/* End PBXTargetDependency section */

/* Begin PBXVariantGroup section */
		84282C4D226E24CA009D6842 /* Main.storyboard */ = {
			isa = PBXVariantGroup;
			children = (
				84282C4E226E24CA009D6842 /* Base */,
			);
			name = Main.storyboard;
			sourceTree = "<group>";
		};
		84282C52226E24D4009D6842 /* LaunchScreen.storyboard */ = {
			isa = PBXVariantGroup;
			children = (
				84282C53226E24D4009D6842 /* Base */,
			);
			name = LaunchScreen.storyboard;
			sourceTree = "<group>";
		};
/* End PBXVariantGroup section */

/* Begin XCBuildConfiguration section */
		84282C6C226E24D4009D6842 /* Debug */ = {
			isa = XCBuildConfiguration;
			buildSettings = {
				ALWAYS_SEARCH_USER_PATHS = NO;
				CLANG_ANALYZER_NONNULL = YES;
				CLANG_ANALYZER_NUMBER_OBJECT_CONVERSION = YES_AGGRESSIVE;
				CLANG_CXX_LANGUAGE_STANDARD = "gnu++14";
				CLANG_CXX_LIBRARY = "libc++";
				CLANG_ENABLE_MODULES = YES;
				CLANG_ENABLE_OBJC_ARC = YES;
				CLANG_ENABLE_OBJC_WEAK = YES;
				CLANG_WARN_BLOCK_CAPTURE_AUTORELEASING = YES;
				CLANG_WARN_BOOL_CONVERSION = YES;
				CLANG_WARN_COMMA = YES;
				CLANG_WARN_CONSTANT_CONVERSION = YES;
				CLANG_WARN_DEPRECATED_OBJC_IMPLEMENTATIONS = YES;
				CLANG_WARN_DIRECT_OBJC_ISA_USAGE = YES_ERROR;
				CLANG_WARN_DOCUMENTATION_COMMENTS = YES;
				CLANG_WARN_EMPTY_BODY = YES;
				CLANG_WARN_ENUM_CONVERSION = YES;
				CLANG_WARN_INFINITE_RECURSION = YES;
				CLANG_WARN_INT_CONVERSION = YES;
				CLANG_WARN_NON_LITERAL_NULL_CONVERSION = YES;
				CLANG_WARN_OBJC_IMPLICIT_RETAIN_SELF = YES;
				CLANG_WARN_OBJC_LITERAL_CONVERSION = YES;
				CLANG_WARN_OBJC_ROOT_CLASS = YES_ERROR;
				CLANG_WARN_RANGE_LOOP_ANALYSIS = YES;
				CLANG_WARN_STRICT_PROTOTYPES = YES;
				CLANG_WARN_SUSPICIOUS_MOVE = YES;
				CLANG_WARN_UNGUARDED_AVAILABILITY = YES_AGGRESSIVE;
				CLANG_WARN_UNREACHABLE_CODE = YES;
				CLANG_WARN__DUPLICATE_METHOD_MATCH = YES;
				CODE_SIGN_IDENTITY = "iPhone Developer";
				COPY_PHASE_STRIP = NO;
				DEBUG_INFORMATION_FORMAT = dwarf;
				ENABLE_STRICT_OBJC_MSGSEND = YES;
				ENABLE_TESTABILITY = YES;
				GCC_C_LANGUAGE_STANDARD = gnu11;
				GCC_DYNAMIC_NO_PIC = NO;
				GCC_NO_COMMON_BLOCKS = YES;
				GCC_OPTIMIZATION_LEVEL = 0;
				GCC_PREPROCESSOR_DEFINITIONS = (
					"DEBUG=1",
					"$(inherited)",
				);
				GCC_WARN_64_TO_32_BIT_CONVERSION = YES;
				GCC_WARN_ABOUT_RETURN_TYPE = YES_ERROR;
				GCC_WARN_UNDECLARED_SELECTOR = YES;
				GCC_WARN_UNINITIALIZED_AUTOS = YES_AGGRESSIVE;
				GCC_WARN_UNUSED_FUNCTION = YES;
				GCC_WARN_UNUSED_VARIABLE = YES;
				IPHONEOS_DEPLOYMENT_TARGET = 12.2;
				MTL_ENABLE_DEBUG_INFO = INCLUDE_SOURCE;
				MTL_FAST_MATH = YES;
				ONLY_ACTIVE_ARCH = YES;
				SDKROOT = iphoneos;
				SWIFT_ACTIVE_COMPILATION_CONDITIONS = DEBUG;
				SWIFT_OPTIMIZATION_LEVEL = "-Onone";
			};
			name = Debug;
		};
		84282C6D226E24D4009D6842 /* Release */ = {
			isa = XCBuildConfiguration;
			buildSettings = {
				ALWAYS_SEARCH_USER_PATHS = NO;
				CLANG_ANALYZER_NONNULL = YES;
				CLANG_ANALYZER_NUMBER_OBJECT_CONVERSION = YES_AGGRESSIVE;
				CLANG_CXX_LANGUAGE_STANDARD = "gnu++14";
				CLANG_CXX_LIBRARY = "libc++";
				CLANG_ENABLE_MODULES = YES;
				CLANG_ENABLE_OBJC_ARC = YES;
				CLANG_ENABLE_OBJC_WEAK = YES;
				CLANG_WARN_BLOCK_CAPTURE_AUTORELEASING = YES;
				CLANG_WARN_BOOL_CONVERSION = YES;
				CLANG_WARN_COMMA = YES;
				CLANG_WARN_CONSTANT_CONVERSION = YES;
				CLANG_WARN_DEPRECATED_OBJC_IMPLEMENTATIONS = YES;
				CLANG_WARN_DIRECT_OBJC_ISA_USAGE = YES_ERROR;
				CLANG_WARN_DOCUMENTATION_COMMENTS = YES;
				CLANG_WARN_EMPTY_BODY = YES;
				CLANG_WARN_ENUM_CONVERSION = YES;
				CLANG_WARN_INFINITE_RECURSION = YES;
				CLANG_WARN_INT_CONVERSION = YES;
				CLANG_WARN_NON_LITERAL_NULL_CONVERSION = YES;
				CLANG_WARN_OBJC_IMPLICIT_RETAIN_SELF = YES;
				CLANG_WARN_OBJC_LITERAL_CONVERSION = YES;
				CLANG_WARN_OBJC_ROOT_CLASS = YES_ERROR;
				CLANG_WARN_RANGE_LOOP_ANALYSIS = YES;
				CLANG_WARN_STRICT_PROTOTYPES = YES;
				CLANG_WARN_SUSPICIOUS_MOVE = YES;
				CLANG_WARN_UNGUARDED_AVAILABILITY = YES_AGGRESSIVE;
				CLANG_WARN_UNREACHABLE_CODE = YES;
				CLANG_WARN__DUPLICATE_METHOD_MATCH = YES;
				CODE_SIGN_IDENTITY = "iPhone Developer";
				COPY_PHASE_STRIP = NO;
				DEBUG_INFORMATION_FORMAT = "dwarf-with-dsym";
				ENABLE_NS_ASSERTIONS = NO;
				ENABLE_STRICT_OBJC_MSGSEND = YES;
				GCC_C_LANGUAGE_STANDARD = gnu11;
				GCC_NO_COMMON_BLOCKS = YES;
				GCC_WARN_64_TO_32_BIT_CONVERSION = YES;
				GCC_WARN_ABOUT_RETURN_TYPE = YES_ERROR;
				GCC_WARN_UNDECLARED_SELECTOR = YES;
				GCC_WARN_UNINITIALIZED_AUTOS = YES_AGGRESSIVE;
				GCC_WARN_UNUSED_FUNCTION = YES;
				GCC_WARN_UNUSED_VARIABLE = YES;
				IPHONEOS_DEPLOYMENT_TARGET = 12.2;
				MTL_ENABLE_DEBUG_INFO = NO;
				MTL_FAST_MATH = YES;
				SDKROOT = iphoneos;
				SWIFT_COMPILATION_MODE = wholemodule;
				SWIFT_OPTIMIZATION_LEVEL = "-O";
				VALIDATE_PRODUCT = YES;
			};
			name = Release;
		};
		84282C6F226E24D4009D6842 /* Debug */ = {
			isa = XCBuildConfiguration;
			buildSettings = {
				ASSETCATALOG_COMPILER_APPICON_NAME = AppIcon;
				CODE_SIGN_STYLE = Automatic;
				DEVELOPMENT_TEAM = YR78UHPG2L;
				INFOPLIST_FILE = "$(SRCROOT)/ToDoApp/Supporting Files/Info.plist";
				LD_RUNPATH_SEARCH_PATHS = (
					"$(inherited)",
					"@executable_path/Frameworks",
				);
				PRODUCT_BUNDLE_IDENTIFIER = hulk.ToDoApp;
				PRODUCT_NAME = "$(TARGET_NAME)";
				SWIFT_VERSION = 5.0;
				TARGETED_DEVICE_FAMILY = "1,2";
			};
			name = Debug;
		};
		84282C70226E24D4009D6842 /* Release */ = {
			isa = XCBuildConfiguration;
			buildSettings = {
				ASSETCATALOG_COMPILER_APPICON_NAME = AppIcon;
				CODE_SIGN_STYLE = Automatic;
				DEVELOPMENT_TEAM = YR78UHPG2L;
				INFOPLIST_FILE = "$(SRCROOT)/ToDoApp/Supporting Files/Info.plist";
				LD_RUNPATH_SEARCH_PATHS = (
					"$(inherited)",
					"@executable_path/Frameworks",
				);
				PRODUCT_BUNDLE_IDENTIFIER = hulk.ToDoApp;
				PRODUCT_NAME = "$(TARGET_NAME)";
				SWIFT_VERSION = 5.0;
				TARGETED_DEVICE_FAMILY = "1,2";
			};
			name = Release;
		};
		84282C72226E24D4009D6842 /* Debug */ = {
			isa = XCBuildConfiguration;
			buildSettings = {
				ALWAYS_EMBED_SWIFT_STANDARD_LIBRARIES = YES;
				BUNDLE_LOADER = "$(TEST_HOST)";
				CODE_SIGN_STYLE = Automatic;
				DEVELOPMENT_TEAM = YR78UHPG2L;
				INFOPLIST_FILE = ToDoAppTests/Info.plist;
				LD_RUNPATH_SEARCH_PATHS = (
					"$(inherited)",
					"@executable_path/Frameworks",
					"@loader_path/Frameworks",
				);
				PRODUCT_BUNDLE_IDENTIFIER = hulk.ToDoAppTests;
				PRODUCT_NAME = "$(TARGET_NAME)";
				SWIFT_VERSION = 5.0;
				TARGETED_DEVICE_FAMILY = "1,2";
				TEST_HOST = "$(BUILT_PRODUCTS_DIR)/ToDoApp.app/ToDoApp";
			};
			name = Debug;
		};
		84282C73226E24D4009D6842 /* Release */ = {
			isa = XCBuildConfiguration;
			buildSettings = {
				ALWAYS_EMBED_SWIFT_STANDARD_LIBRARIES = YES;
				BUNDLE_LOADER = "$(TEST_HOST)";
				CODE_SIGN_STYLE = Automatic;
				DEVELOPMENT_TEAM = YR78UHPG2L;
				INFOPLIST_FILE = ToDoAppTests/Info.plist;
				LD_RUNPATH_SEARCH_PATHS = (
					"$(inherited)",
					"@executable_path/Frameworks",
					"@loader_path/Frameworks",
				);
				PRODUCT_BUNDLE_IDENTIFIER = hulk.ToDoAppTests;
				PRODUCT_NAME = "$(TARGET_NAME)";
				SWIFT_VERSION = 5.0;
				TARGETED_DEVICE_FAMILY = "1,2";
				TEST_HOST = "$(BUILT_PRODUCTS_DIR)/ToDoApp.app/ToDoApp";
			};
			name = Release;
		};
		84282C75226E24D4009D6842 /* Debug */ = {
			isa = XCBuildConfiguration;
			buildSettings = {
				ALWAYS_EMBED_SWIFT_STANDARD_LIBRARIES = YES;
				CODE_SIGN_STYLE = Automatic;
				DEVELOPMENT_TEAM = YR78UHPG2L;
				INFOPLIST_FILE = ToDoAppUITests/Info.plist;
				LD_RUNPATH_SEARCH_PATHS = (
					"$(inherited)",
					"@executable_path/Frameworks",
					"@loader_path/Frameworks",
				);
				PRODUCT_BUNDLE_IDENTIFIER = hulk.ToDoAppUITests;
				PRODUCT_NAME = "$(TARGET_NAME)";
				SWIFT_VERSION = 5.0;
				TARGETED_DEVICE_FAMILY = "1,2";
				TEST_TARGET_NAME = ToDoApp;
			};
			name = Debug;
		};
		84282C76226E24D4009D6842 /* Release */ = {
			isa = XCBuildConfiguration;
			buildSettings = {
				ALWAYS_EMBED_SWIFT_STANDARD_LIBRARIES = YES;
				CODE_SIGN_STYLE = Automatic;
				DEVELOPMENT_TEAM = YR78UHPG2L;
				INFOPLIST_FILE = ToDoAppUITests/Info.plist;
				LD_RUNPATH_SEARCH_PATHS = (
					"$(inherited)",
					"@executable_path/Frameworks",
					"@loader_path/Frameworks",
				);
				PRODUCT_BUNDLE_IDENTIFIER = hulk.ToDoAppUITests;
				PRODUCT_NAME = "$(TARGET_NAME)";
				SWIFT_VERSION = 5.0;
				TARGETED_DEVICE_FAMILY = "1,2";
				TEST_TARGET_NAME = ToDoApp;
			};
			name = Release;
		};
/* End XCBuildConfiguration section */

/* Begin XCConfigurationList section */
		84282C41226E24CA009D6842 /* Build configuration list for PBXProject "ToDoApp" */ = {
			isa = XCConfigurationList;
			buildConfigurations = (
				84282C6C226E24D4009D6842 /* Debug */,
				84282C6D226E24D4009D6842 /* Release */,
			);
			defaultConfigurationIsVisible = 0;
			defaultConfigurationName = Release;
		};
		84282C6E226E24D4009D6842 /* Build configuration list for PBXNativeTarget "ToDoApp" */ = {
			isa = XCConfigurationList;
			buildConfigurations = (
				84282C6F226E24D4009D6842 /* Debug */,
				84282C70226E24D4009D6842 /* Release */,
			);
			defaultConfigurationIsVisible = 0;
			defaultConfigurationName = Release;
		};
		84282C71226E24D4009D6842 /* Build configuration list for PBXNativeTarget "ToDoAppTests" */ = {
			isa = XCConfigurationList;
			buildConfigurations = (
				84282C72226E24D4009D6842 /* Debug */,
				84282C73226E24D4009D6842 /* Release */,
			);
			defaultConfigurationIsVisible = 0;
			defaultConfigurationName = Release;
		};
		84282C74226E24D4009D6842 /* Build configuration list for PBXNativeTarget "ToDoAppUITests" */ = {
			isa = XCConfigurationList;
			buildConfigurations = (
				84282C75226E24D4009D6842 /* Debug */,
				84282C76226E24D4009D6842 /* Release */,
			);
			defaultConfigurationIsVisible = 0;
			defaultConfigurationName = Release;
		};
/* End XCConfigurationList section */
	};
	rootObject = 84282C3E226E24CA009D6842 /* Project object */;
}
